
Microsoft Visual Studio Solution File, Format Version 12.00
Project("{FAE04EC0-301F-11D3-BF4B-00C04F79EFBC}") = "Task1", "Task1\Task1.csproj", "{245066E5-64FA-4A94-832A-F6DF907C60A8}"
EndProject
Project("{FAE04EC0-301F-11D3-BF4B-00C04F79EFBC}") = "Task2", "Task2\Task2.csproj", "{E273C483-EA12-4BF2-830B-CDC99F589D6D}"
EndProject
Project("{FAE04EC0-301F-11D3-BF4B-00C04F79EFBC}") = "Task3", "Task3\Task3.csproj", "{3FF86390-0AF3-43CE-A0D4-799C8F7CD9C6}"
EndProject
Global
	GlobalSection(SolutionConfigurationPlatforms) = preSolution
		Debug|Any CPU = Debug|Any CPU
		Release|Any CPU = Release|Any CPU
	EndGlobalSection
	GlobalSection(ProjectConfigurationPlatforms) = postSolution
		{245066E5-64FA-4A94-832A-F6DF907C60A8}.Debug|Any CPU.ActiveCfg = Debug|Any CPU
		{245066E5-64FA-4A94-832A-F6DF907C60A8}.Debug|Any CPU.Build.0 = Debug|Any CPU
		{245066E5-64FA-4A94-832A-F6DF907C60A8}.Release|Any CPU.ActiveCfg = Release|Any CPU
		{245066E5-64FA-4A94-832A-F6DF907C60A8}.Release|Any CPU.Build.0 = Release|Any CPU
		{E273C483-EA12-4BF2-830B-CDC99F589D6D}.Debug|Any CPU.ActiveCfg = Debug|Any CPU
		{E273C483-EA12-4BF2-830B-CDC99F589D6D}.Debug|Any CPU.Build.0 = Debug|Any CPU
		{E273C483-EA12-4BF2-830B-CDC99F589D6D}.Release|Any CPU.ActiveCfg = Release|Any CPU
		{E273C483-EA12-4BF2-830B-CDC99F589D6D}.Release|Any CPU.Build.0 = Release|Any CPU
		{3FF86390-0AF3-43CE-A0D4-799C8F7CD9C6}.Debug|Any CPU.ActiveCfg = Debug|Any CPU
		{3FF86390-0AF3-43CE-A0D4-799C8F7CD9C6}.Debug|Any CPU.Build.0 = Debug|Any CPU
		{3FF86390-0AF3-43CE-A0D4-799C8F7CD9C6}.Release|Any CPU.ActiveCfg = Release|Any CPU
		{3FF86390-0AF3-43CE-A0D4-799C8F7CD9C6}.Release|Any CPU.Build.0 = Release|Any CPU
	EndGlobalSection
EndGlobal
